
Microsoft Visual Studio Solution File, Format Version 12.00
# Visual Studio 15
VisualStudioVersion = 15.0.27428.2015
MinimumVisualStudioVersion = 10.0.40219.1
Project("{FAE04EC0-301F-11D3-BF4B-00C04F79EFBC}") = "MasterThesis", "MasterThesis\MasterThesis.csproj", "{DAE8F760-E220-4A42-91E4-30F5C5217750}"
EndProject
Project("{9A19103F-16F7-4668-BE54-9A1E7A4F7556}") = "BayNetLibrary", "BayNetLibrary\BayNetLibrary.csproj", "{9F127264-5F10-4854-9C20-0BC23E8E352D}"
EndProject
Project("{FAE04EC0-301F-11D3-BF4B-00C04F79EFBC}") = "DomainModels", "DomainModels\DomainModels.csproj", "{6ACAC0B6-F782-4CD3-9EFB-7613BCC440E6}"
EndProject
Project("{FAE04EC0-301F-11D3-BF4B-00C04F79EFBC}") = "DataService", "DataService\DataService.csproj", "{E0A57C28-3684-4F44-B8C5-BF143CFCDE6D}"
EndProject
Global
	GlobalSection(SolutionConfigurationPlatforms) = preSolution
		Debug|Any CPU = Debug|Any CPU
		Release|Any CPU = Release|Any CPU
	EndGlobalSection
	GlobalSection(ProjectConfigurationPlatforms) = postSolution
		{DAE8F760-E220-4A42-91E4-30F5C5217750}.Debug|Any CPU.ActiveCfg = Debug|Any CPU
		{DAE8F760-E220-4A42-91E4-30F5C5217750}.Debug|Any CPU.Build.0 = Debug|Any CPU
		{DAE8F760-E220-4A42-91E4-30F5C5217750}.Release|Any CPU.ActiveCfg = Release|Any CPU
		{DAE8F760-E220-4A42-91E4-30F5C5217750}.Release|Any CPU.Build.0 = Release|Any CPU
		{9F127264-5F10-4854-9C20-0BC23E8E352D}.Debug|Any CPU.ActiveCfg = Debug|Any CPU
		{9F127264-5F10-4854-9C20-0BC23E8E352D}.Debug|Any CPU.Build.0 = Debug|Any CPU
		{9F127264-5F10-4854-9C20-0BC23E8E352D}.Release|Any CPU.ActiveCfg = Release|Any CPU
		{9F127264-5F10-4854-9C20-0BC23E8E352D}.Release|Any CPU.Build.0 = Release|Any CPU
		{6ACAC0B6-F782-4CD3-9EFB-7613BCC440E6}.Debug|Any CPU.ActiveCfg = Debug|Any CPU
		{6ACAC0B6-F782-4CD3-9EFB-7613BCC440E6}.Debug|Any CPU.Build.0 = Debug|Any CPU
		{6ACAC0B6-F782-4CD3-9EFB-7613BCC440E6}.Release|Any CPU.ActiveCfg = Release|Any CPU
		{6ACAC0B6-F782-4CD3-9EFB-7613BCC440E6}.Release|Any CPU.Build.0 = Release|Any CPU
		{E0A57C28-3684-4F44-B8C5-BF143CFCDE6D}.Debug|Any CPU.ActiveCfg = Debug|Any CPU
		{E0A57C28-3684-4F44-B8C5-BF143CFCDE6D}.Debug|Any CPU.Build.0 = Debug|Any CPU
		{E0A57C28-3684-4F44-B8C5-BF143CFCDE6D}.Release|Any CPU.ActiveCfg = Release|Any CPU
		{E0A57C28-3684-4F44-B8C5-BF143CFCDE6D}.Release|Any CPU.Build.0 = Release|Any CPU
	EndGlobalSection
	GlobalSection(SolutionProperties) = preSolution
		HideSolutionNode = FALSE
	EndGlobalSection
	GlobalSection(ExtensibilityGlobals) = postSolution
		SolutionGuid = {A2106762-60DD-4479-B4E6-3088670F5224}
	EndGlobalSection
EndGlobal
