
Microsoft Visual Studio Solution File, Format Version 12.00
# Visual Studio 15
VisualStudioVersion = 15.0.27428.2015
MinimumVisualStudioVersion = 10.0.40219.1
Project("{FAE04EC0-301F-11D3-BF4B-00C04F79EFBC}") = "BayNet", "BayNet\BayNet.csproj", "{6D30B6F2-227A-48CC-AFE1-7B2A56F3BCF5}"
EndProject
Project("{FAE04EC0-301F-11D3-BF4B-00C04F79EFBC}") = "MasterThesis", "MasterThesis\MasterThesis.csproj", "{DAE8F760-E220-4A42-91E4-30F5C5217750}"
EndProject
Global
	GlobalSection(SolutionConfigurationPlatforms) = preSolution
		Debug|Any CPU = Debug|Any CPU
		Release|Any CPU = Release|Any CPU
	EndGlobalSection
	GlobalSection(ProjectConfigurationPlatforms) = postSolution
		{6D30B6F2-227A-48CC-AFE1-7B2A56F3BCF5}.Debug|Any CPU.ActiveCfg = Debug|Any CPU
		{6D30B6F2-227A-48CC-AFE1-7B2A56F3BCF5}.Debug|Any CPU.Build.0 = Debug|Any CPU
		{6D30B6F2-227A-48CC-AFE1-7B2A56F3BCF5}.Release|Any CPU.ActiveCfg = Release|Any CPU
		{6D30B6F2-227A-48CC-AFE1-7B2A56F3BCF5}.Release|Any CPU.Build.0 = Release|Any CPU
		{DAE8F760-E220-4A42-91E4-30F5C5217750}.Debug|Any CPU.ActiveCfg = Debug|Any CPU
		{DAE8F760-E220-4A42-91E4-30F5C5217750}.Debug|Any CPU.Build.0 = Debug|Any CPU
		{DAE8F760-E220-4A42-91E4-30F5C5217750}.Release|Any CPU.ActiveCfg = Release|Any CPU
		{DAE8F760-E220-4A42-91E4-30F5C5217750}.Release|Any CPU.Build.0 = Release|Any CPU
	EndGlobalSection
	GlobalSection(SolutionProperties) = preSolution
		HideSolutionNode = FALSE
	EndGlobalSection
	GlobalSection(ExtensibilityGlobals) = postSolution
		SolutionGuid = {A2106762-60DD-4479-B4E6-3088670F5224}
	EndGlobalSection
EndGlobal
